
Microsoft Visual Studio Solution File, Format Version 12.00
# Visual Studio Version 17
VisualStudioVersion = 17.0.31903.59
MinimumVisualStudioVersion = 10.0.40219.1
Project("{2150E333-8FDC-42A3-9474-1A3956D46DE8}") = "src", "src", "{05135721-538A-409A-8632-273D0C1B89A3}"
EndProject
Project("{FAE04EC0-301F-11D3-BF4B-00C04F79EFBC}") = "AlbumList", "src\AlbumList\AlbumList.csproj", "{E1D1CD37-833B-4368-ABC3-59C12999E730}"
EndProject
Project("{2150E333-8FDC-42A3-9474-1A3956D46DE8}") = "tests", "tests", "{266ED0F4-65BF-4355-A536-A9222C9EABC2}"
EndProject
Project("{FAE04EC0-301F-11D3-BF4B-00C04F79EFBC}") = "AlbumList.Tests", "tests\AlbumList.Tests\AlbumList.Tests.csproj", "{586E75C0-35A1-48E1-8E10-3CD5FD8AA4B6}"
EndProject
Global
	GlobalSection(SolutionConfigurationPlatforms) = preSolution
		Debug|Any CPU = Debug|Any CPU
		Release|Any CPU = Release|Any CPU
	EndGlobalSection
	GlobalSection(SolutionProperties) = preSolution
		HideSolutionNode = FALSE
	EndGlobalSection
	GlobalSection(ProjectConfigurationPlatforms) = postSolution
		{E1D1CD37-833B-4368-ABC3-59C12999E730}.Debug|Any CPU.ActiveCfg = Debug|Any CPU
		{E1D1CD37-833B-4368-ABC3-59C12999E730}.Debug|Any CPU.Build.0 = Debug|Any CPU
		{E1D1CD37-833B-4368-ABC3-59C12999E730}.Release|Any CPU.ActiveCfg = Release|Any CPU
		{E1D1CD37-833B-4368-ABC3-59C12999E730}.Release|Any CPU.Build.0 = Release|Any CPU
		{586E75C0-35A1-48E1-8E10-3CD5FD8AA4B6}.Debug|Any CPU.ActiveCfg = Debug|Any CPU
		{586E75C0-35A1-48E1-8E10-3CD5FD8AA4B6}.Debug|Any CPU.Build.0 = Debug|Any CPU
		{586E75C0-35A1-48E1-8E10-3CD5FD8AA4B6}.Release|Any CPU.ActiveCfg = Release|Any CPU
		{586E75C0-35A1-48E1-8E10-3CD5FD8AA4B6}.Release|Any CPU.Build.0 = Release|Any CPU
	EndGlobalSection
	GlobalSection(NestedProjects) = preSolution
		{E1D1CD37-833B-4368-ABC3-59C12999E730} = {05135721-538A-409A-8632-273D0C1B89A3}
		{586E75C0-35A1-48E1-8E10-3CD5FD8AA4B6} = {266ED0F4-65BF-4355-A536-A9222C9EABC2}
	EndGlobalSection
EndGlobal
